<?xml version="1.0" encoding="UTF-8"?>
<CodeBlocks_project_file>
	<FileVersion major="1" minor="6"/>
	<Project>
		<Option title="recognition"/>
		<Option makefile_is_custom="1"/>
		<Option compiler="gcc"/>
		<Option virtualFolders="CMake Files\;"/>
		<Build>
			<Target title="all">
				<Option working_dir="/Users/mig/Desktop/大三上/computer-vision/assignment/final/project"/>
				<Option type="4"/>
				<MakeCommands>
					<Build command="/usr/bin/make -f &quot;/Users/mig/Desktop/大三上/computer-vision/assignment/final/project/Makefile&quot;  VERBOSE=1 all"/>
					<CompileFile command="/usr/bin/make -f &quot;/Users/mig/Desktop/大三上/computer-vision/assignment/final/project/Makefile&quot;  VERBOSE=1 &quot;$file&quot;"/>
					<Clean command="/usr/bin/make -f &quot;/Users/mig/Desktop/大三上/computer-vision/assignment/final/project/Makefile&quot;  VERBOSE=1 clean"/>
					<DistClean command="/usr/bin/make -f &quot;/Users/mig/Desktop/大三上/computer-vision/assignment/final/project/Makefile&quot;  VERBOSE=1 clean"/>
				</MakeCommands>
			</Target>
			<Target title="rebuild_cache">
				<Option working_dir="/Users/mig/Desktop/大三上/computer-vision/assignment/final/project"/>
				<Option type="4"/>
				<MakeCommands>
					<Build command="/usr/bin/make -f &quot;/Users/mig/Desktop/大三上/computer-vision/assignment/final/project/Makefile&quot;  VERBOSE=1 rebuild_cache"/>
					<CompileFile command="/usr/bin/make -f &quot;/Users/mig/Desktop/大三上/computer-vision/assignment/final/project/Makefile&quot;  VERBOSE=1 &quot;$file&quot;"/>
					<Clean command="/usr/bin/make -f &quot;/Users/mig/Desktop/大三上/computer-vision/assignment/final/project/Makefile&quot;  VERBOSE=1 clean"/>
					<DistClean command="/usr/bin/make -f &quot;/Users/mig/Desktop/大三上/computer-vision/assignment/final/project/Makefile&quot;  VERBOSE=1 clean"/>
				</MakeCommands>
			</Target>
			<Target title="edit_cache">
				<Option working_dir="/Users/mig/Desktop/大三上/computer-vision/assignment/final/project"/>
				<Option type="4"/>
				<MakeCommands>
					<Build command="/usr/bin/make -f &quot;/Users/mig/Desktop/大三上/computer-vision/assignment/final/project/Makefile&quot;  VERBOSE=1 edit_cache"/>
					<CompileFile command="/usr/bin/make -f &quot;/Users/mig/Desktop/大三上/computer-vision/assignment/final/project/Makefile&quot;  VERBOSE=1 &quot;$file&quot;"/>
					<Clean command="/usr/bin/make -f &quot;/Users/mig/Desktop/大三上/computer-vision/assignment/final/project/Makefile&quot;  VERBOSE=1 clean"/>
					<DistClean command="/usr/bin/make -f &quot;/Users/mig/Desktop/大三上/computer-vision/assignment/final/project/Makefile&quot;  VERBOSE=1 clean"/>
				</MakeCommands>
			</Target>
			<Target title="recognition-mac">
				<Option output="/Users/mig/Desktop/大三上/computer-vision/assignment/final/project/bin/recognition-mac" prefix_auto="0" extension_auto="0"/>
				<Option working_dir="/Users/mig/Desktop/大三上/computer-vision/assignment/final/project/bin"/>
				<Option object_output="./"/>
				<Option type="1"/>
				<Option compiler="gcc"/>
				<Compiler>
					<Add directory="/usr/X11/include"/>
					<Add directory="/usr/local/include"/>
					<Add directory="/Users/mig/Desktop/大三上/computer-vision/assignment/final/project/."/>
				</Compiler>
				<MakeCommands>
					<Build command="/usr/bin/make -f &quot;/Users/mig/Desktop/大三上/computer-vision/assignment/final/project/Makefile&quot;  VERBOSE=1 recognition-mac"/>
					<CompileFile command="/usr/bin/make -f &quot;/Users/mig/Desktop/大三上/computer-vision/assignment/final/project/Makefile&quot;  VERBOSE=1 &quot;$file&quot;"/>
					<Clean command="/usr/bin/make -f &quot;/Users/mig/Desktop/大三上/computer-vision/assignment/final/project/Makefile&quot;  VERBOSE=1 clean"/>
					<DistClean command="/usr/bin/make -f &quot;/Users/mig/Desktop/大三上/computer-vision/assignment/final/project/Makefile&quot;  VERBOSE=1 clean"/>
				</MakeCommands>
			</Target>
			<Target title="recognition-mac/fast">
				<Option output="/Users/mig/Desktop/大三上/computer-vision/assignment/final/project/bin/recognition-mac" prefix_auto="0" extension_auto="0"/>
				<Option working_dir="/Users/mig/Desktop/大三上/computer-vision/assignment/final/project/bin"/>
				<Option object_output="./"/>
				<Option type="1"/>
				<Option compiler="gcc"/>
				<Compiler>
					<Add directory="/usr/X11/include"/>
					<Add directory="/usr/local/include"/>
					<Add directory="/Users/mig/Desktop/大三上/computer-vision/assignment/final/project/."/>
				</Compiler>
				<MakeCommands>
					<Build command="/usr/bin/make -f &quot;/Users/mig/Desktop/大三上/computer-vision/assignment/final/project/Makefile&quot;  VERBOSE=1 recognition-mac/fast"/>
					<CompileFile command="/usr/bin/make -f &quot;/Users/mig/Desktop/大三上/computer-vision/assignment/final/project/Makefile&quot;  VERBOSE=1 &quot;$file&quot;"/>
					<Clean command="/usr/bin/make -f &quot;/Users/mig/Desktop/大三上/computer-vision/assignment/final/project/Makefile&quot;  VERBOSE=1 clean"/>
					<DistClean command="/usr/bin/make -f &quot;/Users/mig/Desktop/大三上/computer-vision/assignment/final/project/Makefile&quot;  VERBOSE=1 clean"/>
				</MakeCommands>
			</Target>
		</Build>
		<Unit filename="/Users/mig/Desktop/大三上/computer-vision/assignment/final/project/src/CImg.h">
			<Option target="recognition-mac"/>
		</Unit>
		<Unit filename="/Users/mig/Desktop/大三上/computer-vision/assignment/final/project/src/a4/a4Warping.cpp">
			<Option target="recognition-mac"/>
		</Unit>
		<Unit filename="/Users/mig/Desktop/大三上/computer-vision/assignment/final/project/src/a4/a4Warping.h">
			<Option target="recognition-mac"/>
		</Unit>
		<Unit filename="/Users/mig/Desktop/大三上/computer-vision/assignment/final/project/src/a4/houghTransform.cpp">
			<Option target="recognition-mac"/>
		</Unit>
		<Unit filename="/Users/mig/Desktop/大三上/computer-vision/assignment/final/project/src/a4/houghTransform.h">
			<Option target="recognition-mac"/>
		</Unit>
		<Unit filename="/Users/mig/Desktop/大三上/computer-vision/assignment/final/project/src/a4/kmeans.cpp">
			<Option target="recognition-mac"/>
		</Unit>
		<Unit filename="/Users/mig/Desktop/大三上/computer-vision/assignment/final/project/src/a4/kmeans.h">
			<Option target="recognition-mac"/>
		</Unit>
		<Unit filename="/Users/mig/Desktop/大三上/computer-vision/assignment/final/project/src/a4/regionGrow.cpp">
			<Option target="recognition-mac"/>
		</Unit>
		<Unit filename="/Users/mig/Desktop/大三上/computer-vision/assignment/final/project/src/a4/regionGrow.h">
			<Option target="recognition-mac"/>
		</Unit>
		<Unit filename="/Users/mig/Desktop/大三上/computer-vision/assignment/final/project/src/a4/tools.cpp">
			<Option target="recognition-mac"/>
		</Unit>
		<Unit filename="/Users/mig/Desktop/大三上/computer-vision/assignment/final/project/src/a4/tools.h">
			<Option target="recognition-mac"/>
		</Unit>
		<Unit filename="/Users/mig/Desktop/大三上/computer-vision/assignment/final/project/src/histogram/HistoEqual.cpp">
			<Option target="recognition-mac"/>
		</Unit>
		<Unit filename="/Users/mig/Desktop/大三上/computer-vision/assignment/final/project/src/histogram/HistoEqual.h">
			<Option target="recognition-mac"/>
		</Unit>
		<Unit filename="/Users/mig/Desktop/大三上/computer-vision/assignment/final/project/src/main.cpp">
			<Option target="recognition-mac"/>
		</Unit>
		<Unit filename="/Users/mig/Desktop/大三上/computer-vision/assignment/final/project/src/segmentation/segmentation.cpp">
			<Option target="recognition-mac"/>
		</Unit>
		<Unit filename="/Users/mig/Desktop/大三上/computer-vision/assignment/final/project/src/segmentation/segmentation.h">
			<Option target="recognition-mac"/>
		</Unit>
		<Unit filename="/Users/mig/Desktop/大三上/computer-vision/assignment/final/project/src/utils.cpp">
			<Option target="recognition-mac"/>
		</Unit>
		<Unit filename="/Users/mig/Desktop/大三上/computer-vision/assignment/final/project/src/utils.h">
			<Option target="recognition-mac"/>
		</Unit>
		<Unit filename="/Users/mig/Desktop/大三上/computer-vision/assignment/final/project/CMakeLists.txt">
			<Option virtualFolder="CMake Files\"/>
		</Unit>
	</Project>
</CodeBlocks_project_file>
