<?xml version="1.0" encoding="UTF-8"?>
<CodeBlocks_project_file>
	<FileVersion major="1" minor="6"/>
	<Project>
		<Option title="panorama"/>
		<Option makefile_is_custom="1"/>
		<Option compiler="gcc"/>
		<Option virtualFolders="CMake Files\;"/>
		<Build>
			<Target title="all">
				<Option working_dir="/Users/mig/Desktop/大三上/computer-vision/assignment/6/code"/>
				<Option type="4"/>
				<MakeCommands>
					<Build command="/usr/bin/make -j4 -f &quot;/Users/mig/Desktop/大三上/computer-vision/assignment/6/code/Makefile&quot;  VERBOSE=1 all"/>
					<CompileFile command="/usr/bin/make -j4 -f &quot;/Users/mig/Desktop/大三上/computer-vision/assignment/6/code/Makefile&quot;  VERBOSE=1 &quot;$file&quot;"/>
					<Clean command="/usr/bin/make -j4 -f &quot;/Users/mig/Desktop/大三上/computer-vision/assignment/6/code/Makefile&quot;  VERBOSE=1 clean"/>
					<DistClean command="/usr/bin/make -j4 -f &quot;/Users/mig/Desktop/大三上/computer-vision/assignment/6/code/Makefile&quot;  VERBOSE=1 clean"/>
				</MakeCommands>
			</Target>
			<Target title="rebuild_cache">
				<Option working_dir="/Users/mig/Desktop/大三上/computer-vision/assignment/6/code"/>
				<Option type="4"/>
				<MakeCommands>
					<Build command="/usr/bin/make -j4 -f &quot;/Users/mig/Desktop/大三上/computer-vision/assignment/6/code/Makefile&quot;  VERBOSE=1 rebuild_cache"/>
					<CompileFile command="/usr/bin/make -j4 -f &quot;/Users/mig/Desktop/大三上/computer-vision/assignment/6/code/Makefile&quot;  VERBOSE=1 &quot;$file&quot;"/>
					<Clean command="/usr/bin/make -j4 -f &quot;/Users/mig/Desktop/大三上/computer-vision/assignment/6/code/Makefile&quot;  VERBOSE=1 clean"/>
					<DistClean command="/usr/bin/make -j4 -f &quot;/Users/mig/Desktop/大三上/computer-vision/assignment/6/code/Makefile&quot;  VERBOSE=1 clean"/>
				</MakeCommands>
			</Target>
			<Target title="edit_cache">
				<Option working_dir="/Users/mig/Desktop/大三上/computer-vision/assignment/6/code"/>
				<Option type="4"/>
				<MakeCommands>
					<Build command="/usr/bin/make -j4 -f &quot;/Users/mig/Desktop/大三上/computer-vision/assignment/6/code/Makefile&quot;  VERBOSE=1 edit_cache"/>
					<CompileFile command="/usr/bin/make -j4 -f &quot;/Users/mig/Desktop/大三上/computer-vision/assignment/6/code/Makefile&quot;  VERBOSE=1 &quot;$file&quot;"/>
					<Clean command="/usr/bin/make -j4 -f &quot;/Users/mig/Desktop/大三上/computer-vision/assignment/6/code/Makefile&quot;  VERBOSE=1 clean"/>
					<DistClean command="/usr/bin/make -j4 -f &quot;/Users/mig/Desktop/大三上/computer-vision/assignment/6/code/Makefile&quot;  VERBOSE=1 clean"/>
				</MakeCommands>
			</Target>
			<Target title="panorama-mac">
				<Option output="/Users/mig/Desktop/大三上/computer-vision/assignment/6/code/bin/panorama-mac" prefix_auto="0" extension_auto="0"/>
				<Option working_dir="/Users/mig/Desktop/大三上/computer-vision/assignment/6/code/bin"/>
				<Option object_output="./"/>
				<Option type="1"/>
				<Option compiler="gcc"/>
				<Compiler>
					<Add directory="/Users/mig/Desktop/大三上/computer-vision/assignment/6/code/."/>
					<Add directory="/Applications/Xcode.app/Contents/Developer/Toolchains/XcodeDefault.xctoolchain/usr/include/c++/v1"/>
					<Add directory="/usr/local/include"/>
					<Add directory="/Applications/Xcode.app/Contents/Developer/Toolchains/XcodeDefault.xctoolchain/usr/lib/clang/10.0.0/include"/>
					<Add directory="/Applications/Xcode.app/Contents/Developer/Toolchains/XcodeDefault.xctoolchain/usr/include"/>
					<Add directory="/usr/include"/>
					<Add directory="/System/Library/Frameworks"/>
					<Add directory="/Library/Frameworks"/>
				</Compiler>
				<MakeCommands>
					<Build command="/usr/bin/make -j4 -f &quot;/Users/mig/Desktop/大三上/computer-vision/assignment/6/code/Makefile&quot;  VERBOSE=1 panorama-mac"/>
					<CompileFile command="/usr/bin/make -j4 -f &quot;/Users/mig/Desktop/大三上/computer-vision/assignment/6/code/Makefile&quot;  VERBOSE=1 &quot;$file&quot;"/>
					<Clean command="/usr/bin/make -j4 -f &quot;/Users/mig/Desktop/大三上/computer-vision/assignment/6/code/Makefile&quot;  VERBOSE=1 clean"/>
					<DistClean command="/usr/bin/make -j4 -f &quot;/Users/mig/Desktop/大三上/computer-vision/assignment/6/code/Makefile&quot;  VERBOSE=1 clean"/>
				</MakeCommands>
			</Target>
			<Target title="panorama-mac/fast">
				<Option output="/Users/mig/Desktop/大三上/computer-vision/assignment/6/code/bin/panorama-mac" prefix_auto="0" extension_auto="0"/>
				<Option working_dir="/Users/mig/Desktop/大三上/computer-vision/assignment/6/code/bin"/>
				<Option object_output="./"/>
				<Option type="1"/>
				<Option compiler="gcc"/>
				<Compiler>
					<Add directory="/Users/mig/Desktop/大三上/computer-vision/assignment/6/code/."/>
					<Add directory="/Applications/Xcode.app/Contents/Developer/Toolchains/XcodeDefault.xctoolchain/usr/include/c++/v1"/>
					<Add directory="/usr/local/include"/>
					<Add directory="/Applications/Xcode.app/Contents/Developer/Toolchains/XcodeDefault.xctoolchain/usr/lib/clang/10.0.0/include"/>
					<Add directory="/Applications/Xcode.app/Contents/Developer/Toolchains/XcodeDefault.xctoolchain/usr/include"/>
					<Add directory="/usr/include"/>
					<Add directory="/System/Library/Frameworks"/>
					<Add directory="/Library/Frameworks"/>
				</Compiler>
				<MakeCommands>
					<Build command="/usr/bin/make -j4 -f &quot;/Users/mig/Desktop/大三上/computer-vision/assignment/6/code/Makefile&quot;  VERBOSE=1 panorama-mac/fast"/>
					<CompileFile command="/usr/bin/make -j4 -f &quot;/Users/mig/Desktop/大三上/computer-vision/assignment/6/code/Makefile&quot;  VERBOSE=1 &quot;$file&quot;"/>
					<Clean command="/usr/bin/make -j4 -f &quot;/Users/mig/Desktop/大三上/computer-vision/assignment/6/code/Makefile&quot;  VERBOSE=1 clean"/>
					<DistClean command="/usr/bin/make -j4 -f &quot;/Users/mig/Desktop/大三上/computer-vision/assignment/6/code/Makefile&quot;  VERBOSE=1 clean"/>
				</MakeCommands>
			</Target>
		</Build>
		<Unit filename="/Users/mig/Desktop/大三上/computer-vision/assignment/6/code/CImg.h">
			<Option target="panorama-mac"/>
		</Unit>
		<Unit filename="/Users/mig/Desktop/大三上/computer-vision/assignment/6/code/RANSAC.cpp">
			<Option target="panorama-mac"/>
		</Unit>
		<Unit filename="/Users/mig/Desktop/大三上/computer-vision/assignment/6/code/RANSAC.h">
			<Option target="panorama-mac"/>
		</Unit>
		<Unit filename="/Users/mig/Desktop/大三上/computer-vision/assignment/6/code/blending.cpp">
			<Option target="panorama-mac"/>
		</Unit>
		<Unit filename="/Users/mig/Desktop/大三上/computer-vision/assignment/6/code/blending.h">
			<Option target="panorama-mac"/>
		</Unit>
		<Unit filename="/Users/mig/Desktop/大三上/computer-vision/assignment/6/code/feature_extraction.cpp">
			<Option target="panorama-mac"/>
		</Unit>
		<Unit filename="/Users/mig/Desktop/大三上/computer-vision/assignment/6/code/feature_extraction.h">
			<Option target="panorama-mac"/>
		</Unit>
		<Unit filename="/Users/mig/Desktop/大三上/computer-vision/assignment/6/code/feature_matching.cpp">
			<Option target="panorama-mac"/>
		</Unit>
		<Unit filename="/Users/mig/Desktop/大三上/computer-vision/assignment/6/code/feature_matching.h">
			<Option target="panorama-mac"/>
		</Unit>
		<Unit filename="/Users/mig/Desktop/大三上/computer-vision/assignment/6/code/image_stitching.cpp">
			<Option target="panorama-mac"/>
		</Unit>
		<Unit filename="/Users/mig/Desktop/大三上/computer-vision/assignment/6/code/image_stitching.h">
			<Option target="panorama-mac"/>
		</Unit>
		<Unit filename="/Users/mig/Desktop/大三上/computer-vision/assignment/6/code/main.cpp">
			<Option target="panorama-mac"/>
		</Unit>
		<Unit filename="/Users/mig/Desktop/大三上/computer-vision/assignment/6/code/neighboring_translation.cpp">
			<Option target="panorama-mac"/>
		</Unit>
		<Unit filename="/Users/mig/Desktop/大三上/computer-vision/assignment/6/code/neighboring_translation.h">
			<Option target="panorama-mac"/>
		</Unit>
		<Unit filename="/Users/mig/Desktop/大三上/computer-vision/assignment/6/code/spherical_warp.cpp">
			<Option target="panorama-mac"/>
		</Unit>
		<Unit filename="/Users/mig/Desktop/大三上/computer-vision/assignment/6/code/spherical_warp.h">
			<Option target="panorama-mac"/>
		</Unit>
		<Unit filename="/Users/mig/Desktop/大三上/computer-vision/assignment/6/code/utils.cpp">
			<Option target="panorama-mac"/>
		</Unit>
		<Unit filename="/Users/mig/Desktop/大三上/computer-vision/assignment/6/code/utils.h">
			<Option target="panorama-mac"/>
		</Unit>
		<Unit filename="/Users/mig/Desktop/大三上/computer-vision/assignment/6/code/CMakeLists.txt">
			<Option virtualFolder="CMake Files\"/>
		</Unit>
		<Unit filename="/Users/mig/Desktop/大三上/computer-vision/assignment/6/code/libomp.dylib">
			<Option virtualFolder="CMake Files\"/>
		</Unit>
		<Unit filename="/Users/mig/Desktop/大三上/computer-vision/assignment/6/code/libvl.dylib">
			<Option virtualFolder="CMake Files\"/>
		</Unit>
	</Project>
</CodeBlocks_project_file>
